{
  "version": "4",
  "specifiers": {
    "jsr:@denosaurs/plug@^1.0.6": "1.0.6",
    "jsr:@felix/bcrypt@^1.0.5": "1.0.5",
    "jsr:@oak/commons@1": "1.0.0",
    "jsr:@oak/oak@^17.1.0": "17.1.0",
    "jsr:@std/assert@0.221": "0.221.0",
    "jsr:@std/assert@1": "1.0.6",
    "jsr:@std/bytes@1": "1.0.2",
    "jsr:@std/bytes@^1.0.2": "1.0.2",
    "jsr:@std/crypto@1": "1.0.3",
    "jsr:@std/encoding@0.221": "0.221.0",
    "jsr:@std/encoding@1": "1.0.5",
    "jsr:@std/encoding@^1.0.5": "1.0.5",
    "jsr:@std/fmt@0.221": "0.221.0",
    "jsr:@std/fs@0.221": "0.221.0",
    "jsr:@std/http@1": "1.0.8",
    "jsr:@std/io@0.224": "0.224.9",
    "jsr:@std/media-types@1": "1.0.3",
    "jsr:@std/path@0.221": "0.221.0",
    "jsr:@std/path@1": "1.0.6",
    "npm:path-to-regexp@6.2.1": "6.2.1",
    "npm:twig@*": "1.17.1"
  },
  "jsr": {
    "@denosaurs/plug@1.0.6": {
      "integrity": "6cf5b9daba7799837b9ffbe89f3450510f588fafef8115ddab1ff0be9cb7c1a7",
      "dependencies": [
        "jsr:@std/encoding@0.221",
        "jsr:@std/fmt",
        "jsr:@std/fs",
        "jsr:@std/path@0.221"
      ]
    },
    "@felix/bcrypt@1.0.5": {
      "integrity": "c8312e10cfda0e34c06c0d906667a0c602b472b7c64c75cfdcb44b934b885836",
      "dependencies": [
        "jsr:@denosaurs/plug"
      ]
    },
    "@oak/commons@1.0.0": {
      "integrity": "49805b55603c3627a9d6235c0655aa2b6222d3036b3a13ff0380c16368f607ac",
      "dependencies": [
        "jsr:@std/assert@1",
        "jsr:@std/bytes@1",
        "jsr:@std/crypto",
        "jsr:@std/encoding@1",
        "jsr:@std/http",
        "jsr:@std/media-types"
      ]
    },
    "@oak/oak@17.1.0": {
      "integrity": "14ffb400c3c268bdc7b3a838664fab782b4ed35bb0dfe7669013c95bb12a9503",
      "dependencies": [
        "jsr:@oak/commons",
        "jsr:@std/assert@1",
        "jsr:@std/bytes@1",
        "jsr:@std/crypto",
        "jsr:@std/http",
        "jsr:@std/io",
        "jsr:@std/media-types",
        "jsr:@std/path@1",
        "npm:path-to-regexp"
      ]
    },
    "@std/assert@0.221.0": {
      "integrity": "a5f1aa6e7909dbea271754fd4ab3f4e687aeff4873b4cef9a320af813adb489a"
    },
    "@std/assert@1.0.6": {
      "integrity": "1904c05806a25d94fe791d6d883b685c9e2dcd60e4f9fc30f4fc5cf010c72207"
    },
    "@std/bytes@1.0.2": {
      "integrity": "fbdee322bbd8c599a6af186a1603b3355e59a5fb1baa139f8f4c3c9a1b3e3d57"
    },
    "@std/crypto@1.0.3": {
      "integrity": "a2a32f51ddef632d299e3879cd027c630dcd4d1d9a5285d6e6788072f4e51e7f"
    },
    "@std/encoding@0.221.0": {
      "integrity": "d1dd76ef0dc5d14088411e6dc1dede53bf8308c95d1537df1214c97137208e45"
    },
    "@std/encoding@1.0.5": {
      "integrity": "ecf363d4fc25bd85bd915ff6733a7e79b67e0e7806334af15f4645c569fefc04"
    },
    "@std/fmt@0.221.0": {
      "integrity": "379fed69bdd9731110f26b9085aeb740606b20428ce6af31ef6bd45ef8efa62a"
    },
    "@std/fs@0.221.0": {
      "integrity": "028044450299de8ed5a716ade4e6d524399f035513b85913794f4e81f07da286",
      "dependencies": [
        "jsr:@std/assert@0.221",
        "jsr:@std/path@0.221"
      ]
    },
    "@std/http@1.0.8": {
      "integrity": "6ea1b2e8d33929967754a3b6d6c6f399ad6647d7bbb5a466c1eaf9b294a6ebcd",
      "dependencies": [
        "jsr:@std/encoding@^1.0.5"
      ]
    },
    "@std/io@0.224.9": {
      "integrity": "4414664b6926f665102e73c969cfda06d2c4c59bd5d0c603fd4f1b1c840d6ee3",
      "dependencies": [
        "jsr:@std/bytes@^1.0.2"
      ]
    },
    "@std/media-types@1.0.3": {
      "integrity": "b12d30a7852f7578f4d210622df713bbfd1cbdd9b4ec2eaf5c1845ab70bab159"
    },
    "@std/path@0.221.0": {
      "integrity": "0a36f6b17314ef653a3a1649740cc8db51b25a133ecfe838f20b79a56ebe0095",
      "dependencies": [
        "jsr:@std/assert@0.221"
      ]
    },
    "@std/path@1.0.6": {
      "integrity": "ab2c55f902b380cf28e0eec501b4906e4c1960d13f00e11cfbcd21de15f18fed"
    }
  },
  "npm": {
    "@babel/runtime@7.25.7": {
      "integrity": "sha512-FjoyLe754PMiYsFaN5C94ttGiOmBNYTf6pLr4xXHAT5uctHb092PBszndLDR5XA/jghQvn4n7JMHl7dmTgbm9w==",
      "dependencies": [
        "regenerator-runtime"
      ]
    },
    "balanced-match@1.0.2": {
      "integrity": "sha512-3oSeUO0TMV67hN1AmbXsK4yaqU7tjiHlbxRDZOpH0KW9+CeX4bRAaX0Anxt0tx2MrpRpWwQaPwIlISEJhYU5Pw=="
    },
    "brace-expansion@1.1.11": {
      "integrity": "sha512-iCuPHDFgrHX7H2vEI/5xpz07zSHB00TpugqhmYtVmMO6518mCuRMoOYFldEBl0g187ufozdaHgWKcYFb61qGiA==",
      "dependencies": [
        "balanced-match",
        "concat-map"
      ]
    },
    "concat-map@0.0.1": {
      "integrity": "sha512-/Srv4dswyQNBfohGpz9o6Yb3Gz3SrUDqBH5rTuhGR7ahtlbYKnVxw2bCFMRljaA7EXHaXZ8wsHdodFvbkhKmqg=="
    },
    "foreachasync@3.0.0": {
      "integrity": "sha512-J+ler7Ta54FwwNcx6wQRDhTIbNeyDcARMkOcguEqnEdtm0jKvN3Li3PDAb2Du3ubJYEWfYL83XMROXdsXAXycw=="
    },
    "locutus@2.0.32": {
      "integrity": "sha512-fr7OCpbE4xeefhHqfh6hM2/l9ZB3XvClHgtgFnQNImrM/nqL950o6FO98vmUH8GysfQRCcyBYtZ4C8GcY52Edw=="
    },
    "minimatch@3.0.8": {
      "integrity": "sha512-6FsRAQsxQ61mw+qP1ZzbL9Bc78x2p5OqNgNpnoAFLTrX8n5Kxph0CsnhmKKNXTWjXqU5L0pGPR7hYk+XWZr60Q==",
      "dependencies": [
        "brace-expansion"
      ]
    },
    "path-to-regexp@6.2.1": {
      "integrity": "sha512-JLyh7xT1kizaEvcaXOQwOc2/Yhw6KZOvPf1S8401UyLk86CU79LN3vl7ztXGm/pZ+YjoyAJ4rxmHwbkBXJX+yw=="
    },
    "regenerator-runtime@0.14.1": {
      "integrity": "sha512-dYnhHh0nJoMfnkZs6GmmhFknAGRrLznOu5nc9ML+EJxGvrx6H7teuevqVqCuPcPK//3eDrrjQhehXVx9cnkGdw=="
    },
    "twig@1.17.1": {
      "integrity": "sha512-atxccyr/BHtb1gPMA7Lvki0OuU17XBqHsNH9lzDHt9Rr1293EVZOosSZabEXz/DPVikIW8ZDqSkEddwyJnQN2w==",
      "dependencies": [
        "@babel/runtime",
        "locutus",
        "minimatch",
        "walk"
      ]
    },
    "walk@2.3.15": {
      "integrity": "sha512-4eRTBZljBfIISK1Vnt69Gvr2w/wc3U6Vtrw7qiN5iqYJPH7LElcYh/iU4XWhdCy2dZqv1ToMyYlybDylfG/5Vg==",
      "dependencies": [
        "foreachasync"
      ]
    }
  },
  "remote": {
    "https://deno.land/std@0.183.0/_util/asserts.ts": "178dfc49a464aee693a7e285567b3d0b555dc805ff490505a8aae34f9cfb1462",
    "https://deno.land/std@0.183.0/_util/os.ts": "d932f56d41e4f6a6093d56044e29ce637f8dcc43c5a90af43504a889cf1775e3",
    "https://deno.land/std@0.183.0/async/deferred.ts": "42790112f36a75a57db4a96d33974a936deb7b04d25c6084a9fa8a49f135def8",
    "https://deno.land/std@0.183.0/bytes/bytes_list.ts": "31d664f4d42fa922066405d0e421c56da89d751886ee77bbe25a88bf0310c9d0",
    "https://deno.land/std@0.183.0/bytes/concat.ts": "d26d6f3d7922e6d663dacfcd357563b7bf4a380ce5b9c2bbe0c8586662f25ce2",
    "https://deno.land/std@0.183.0/bytes/copy.ts": "939d89e302a9761dcf1d9c937c7711174ed74c59eef40a1e4569a05c9de88219",
    "https://deno.land/std@0.183.0/bytes/ends_with.ts": "4228811ebc71615d27f065c54b5e815ec1972538772b0f413c0efe05245b472e",
    "https://deno.land/std@0.183.0/bytes/equals.ts": "b87494ce5442dc786db46f91378100028c402f83a14a2f7bbff6bda7810aefe3",
    "https://deno.land/std@0.183.0/bytes/includes_needle.ts": "76a8163126fb2f8bf86fd7f22192c3bb04bf6a20b987a095127c2ca08adf3ba6",
    "https://deno.land/std@0.183.0/bytes/index_of_needle.ts": "65c939607df609374c4415598fa4dad04a2f14c4d98cd15775216f0aaf597f24",
    "https://deno.land/std@0.183.0/bytes/last_index_of_needle.ts": "7181072883cb4908c6ce8f7a5bb1d96787eef2c2ab3aa94fe4268ab326a53cbf",
    "https://deno.land/std@0.183.0/bytes/mod.ts": "e869bba1e7a2e3a9cc6c2d55471888429a544e70a840c087672e656e7ba21815",
    "https://deno.land/std@0.183.0/bytes/repeat.ts": "6f5e490d8d72bcbf8d84a6bb04690b9b3eb5822c5a11687bca73a2318a842294",
    "https://deno.land/std@0.183.0/bytes/starts_with.ts": "3e607a70c9c09f5140b7a7f17a695221abcc7244d20af3eb47ccbb63f5885135",
    "https://deno.land/std@0.183.0/crypto/keystack.ts": "877ab0f19eb7d37ad6495190d3c3e39f58e9c52e0b6a966f82fd6df67ca55f90",
    "https://deno.land/std@0.183.0/crypto/timing_safe_equal.ts": "0fae34ee02264f309ae0b6e54e9746a7aba3996e5454903ed106967a7a9ef665",
    "https://deno.land/std@0.183.0/encoding/base64.ts": "144ae6234c1fbe5b68666c711dc15b1e9ee2aef6d42b3b4345bf9a6c91d70d0d",
    "https://deno.land/std@0.183.0/encoding/base64url.ts": "2ed4ba122b20fedf226c5d337cf22ee2024fa73a8f85d915d442af7e9ce1fae1",
    "https://deno.land/std@0.183.0/http/_negotiation/common.ts": "14d1a52427ab258a4b7161cd80e1d8a207b7cc64b46e911780f57ead5f4323c6",
    "https://deno.land/std@0.183.0/http/_negotiation/encoding.ts": "ff747d107277c88cb7a6a62a08eeb8d56dad91564cbcccb30694d5dc126dcc53",
    "https://deno.land/std@0.183.0/http/_negotiation/language.ts": "7bcddd8db3330bdb7ce4fc00a213c5547c1968139864201efd67ef2d0d51887d",
    "https://deno.land/std@0.183.0/http/_negotiation/media_type.ts": "58847517cd549384ad677c0fe89e0a4815be36fe7a303ea63cee5f6a1d7e1692",
    "https://deno.land/std@0.183.0/http/cookie_map.ts": "d148a5eaf35f19905dd5104126fa47ac71105306dd42f129732365e43108b28a",
    "https://deno.land/std@0.183.0/http/etag.ts": "4cb24b489e71c6bc333ab03b93edac303faddc199b3a6d0bfba284c8980a3dd2",
    "https://deno.land/std@0.183.0/http/http_errors.ts": "b9a18ef97d6c5966964de95e04d1f9f88a0f8bd8577c26fd402d9d632fb03a42",
    "https://deno.land/std@0.183.0/http/http_status.ts": "8a7bcfe3ac025199ad804075385e57f63d055b2aed539d943ccc277616d6f932",
    "https://deno.land/std@0.183.0/http/negotiation.ts": "46e74a6bad4b857333a58dc5b50fe8e5a4d5267e97292293ea65f980bd918086",
    "https://deno.land/std@0.183.0/http/server_sent_event.ts": "856764c8c058605bb618272833990b1f88b6de0dcc460f0f09749ba7e99dd656",
    "https://deno.land/std@0.183.0/io/buf_reader.ts": "abeb92b18426f11d72b112518293a96aef2e6e55f80b84235e8971ac910affb5",
    "https://deno.land/std@0.183.0/io/buf_writer.ts": "48c33c8f00b61dcbc7958706741cec8e59810bd307bc6a326cbd474fe8346dfd",
    "https://deno.land/std@0.183.0/io/buffer.ts": "17f4410eaaa60a8a85733e8891349a619eadfbbe42e2f319283ce2b8f29723ab",
    "https://deno.land/std@0.183.0/io/copy_n.ts": "0cc7ce07c75130f6fc18621ec1911c36e147eb9570664fee0ea12b1988167590",
    "https://deno.land/std@0.183.0/io/limited_reader.ts": "6c9a216f8eef39c1ee2a6b37a29372c8fc63455b2eeb91f06d9646f8f759fc8b",
    "https://deno.land/std@0.183.0/io/mod.ts": "2665bcccc1fd6e8627cca167c3e92aaecbd9897556b6f69e6d258070ef63fd9b",
    "https://deno.land/std@0.183.0/io/multi_reader.ts": "9c2a0a31686c44b277e16da1d97b4686a986edcee48409b84be25eedbc39b271",
    "https://deno.land/std@0.183.0/io/read_delim.ts": "c02b93cc546ae8caad8682ae270863e7ace6daec24c1eddd6faabc95a9d876a3",
    "https://deno.land/std@0.183.0/io/read_int.ts": "7cb8bcdfaf1107586c3bacc583d11c64c060196cb070bb13ae8c2061404f911f",
    "https://deno.land/std@0.183.0/io/read_lines.ts": "c526c12a20a9386dc910d500f9cdea43cba974e853397790bd146817a7eef8cc",
    "https://deno.land/std@0.183.0/io/read_long.ts": "f0aaa420e3da1261c5d33c5e729f09922f3d9fa49f046258d4ff7a00d800c71e",
    "https://deno.land/std@0.183.0/io/read_range.ts": "28152daf32e43dd9f7d41d8466852b0d18ad766cd5c4334c91fef6e1b3a74eb5",
    "https://deno.land/std@0.183.0/io/read_short.ts": "805cb329574b850b84bf14a92c052c59b5977a492cd780c41df8ad40826c1a20",
    "https://deno.land/std@0.183.0/io/read_string_delim.ts": "5dc9f53bdf78e7d4ee1e56b9b60352238ab236a71c3e3b2a713c3d78472a53ce",
    "https://deno.land/std@0.183.0/io/slice_long_to_bytes.ts": "48d9bace92684e880e46aa4a2520fc3867f9d7ce212055f76ecc11b22f9644b7",
    "https://deno.land/std@0.183.0/io/string_reader.ts": "da0f68251b3d5b5112485dfd4d1b1936135c9b4d921182a7edaf47f74c25cc8f",
    "https://deno.land/std@0.183.0/io/string_writer.ts": "8a03c5858c24965a54c6538bed15f32a7c72f5704a12bda56f83a40e28e5433e",
    "https://deno.land/std@0.183.0/media_types/_db.ts": "7606d83e31f23ce1a7968cbaee852810c2cf477903a095696cdc62eaab7ce570",
    "https://deno.land/std@0.183.0/media_types/_util.ts": "916efbd30b6148a716f110e67a4db29d6949bf4048997b754415dd7e42c52378",
    "https://deno.land/std@0.183.0/media_types/content_type.ts": "ad98a5aa2d95f5965b2796072284258710a25e520952376ed432b0937ce743bc",
    "https://deno.land/std@0.183.0/media_types/extension.ts": "a7cd28c9417143387cdfed27d4e8607ebcf5b1ec27eb8473d5b000144689fe65",
    "https://deno.land/std@0.183.0/media_types/extensions_by_type.ts": "43806d6a52a0d6d965ada9d20e60a982feb40bc7a82268178d94edb764694fed",
    "https://deno.land/std@0.183.0/media_types/format_media_type.ts": "f5e1073c05526a6f5a516ac5c5587a1abd043bf1039c71cde1166aa4328c8baf",
    "https://deno.land/std@0.183.0/media_types/get_charset.ts": "18b88274796fda5d353806bf409eb1d2ddb3f004eb4bd311662c4cdd8ac173db",
    "https://deno.land/std@0.183.0/media_types/mod.ts": "d3f0b99f85053bc0b98ecc24eaa3546dfa09b856dc0bbaf60d8956d2cdd710c8",
    "https://deno.land/std@0.183.0/media_types/parse_media_type.ts": "835c4112e1357e95b4f10d7cdea5ae1801967e444f48673ff8f1cb4d32af9920",
    "https://deno.land/std@0.183.0/media_types/type_by_extension.ts": "daa801eb0f11cdf199445d0f1b656cf116d47dcf9e5b85cc1e6b4469f5ee0432",
    "https://deno.land/std@0.183.0/media_types/vendor/mime-db.v1.52.0.ts": "6925bbcae81ca37241e3f55908d0505724358cda3384eaea707773b2c7e99586",
    "https://deno.land/std@0.183.0/path/_constants.ts": "e49961f6f4f48039c0dfed3c3f93e963ca3d92791c9d478ac5b43183413136e0",
    "https://deno.land/std@0.183.0/path/_interface.ts": "6471159dfbbc357e03882c2266d21ef9afdb1e4aa771b0545e90db58a0ba314b",
    "https://deno.land/std@0.183.0/path/_util.ts": "d7abb1e0dea065f427b89156e28cdeb32b045870acdf865833ba808a73b576d0",
    "https://deno.land/std@0.183.0/path/common.ts": "ee7505ab01fd22de3963b64e46cff31f40de34f9f8de1fff6a1bd2fe79380000",
    "https://deno.land/std@0.183.0/path/glob.ts": "d479e0a695621c94d3fd7fe7abd4f9499caf32a8de13f25073451c6ef420a4e1",
    "https://deno.land/std@0.183.0/path/mod.ts": "bf718f19a4fdd545aee1b06409ca0805bd1b68ecf876605ce632e932fe54510c",
    "https://deno.land/std@0.183.0/path/posix.ts": "8b7c67ac338714b30c816079303d0285dd24af6b284f7ad63da5b27372a2c94d",
    "https://deno.land/std@0.183.0/path/separator.ts": "0fb679739d0d1d7bf45b68dacfb4ec7563597a902edbaf3c59b50d5bcadd93b1",
    "https://deno.land/std@0.183.0/path/win32.ts": "d186344e5583bcbf8b18af416d13d82b35a317116e6460a5a3953508c3de5bba",
    "https://deno.land/std@0.183.0/streams/_common.ts": "f45cba84f0d813de3326466095539602364a9ba521f804cc758f7a475cda692d",
    "https://deno.land/std@0.183.0/streams/buffer.ts": "d5b3d7d0299114e5b2ea895a8bf202a687fd915c5282f8096c7bae23b5a04407",
    "https://deno.land/std@0.183.0/streams/byte_slice_stream.ts": "225d57263a34325d7c96cb3dafeb478eec0e6fd05cd0458d678752eadd132bb4",
    "https://deno.land/std@0.183.0/streams/copy.ts": "75cbc795ff89291df22ddca5252de88b2e16d40c85d02840593386a8a1454f71",
    "https://deno.land/std@0.183.0/streams/delimiter_stream.ts": "f69e849b3d1f59f02424497273f411105a6f76a9f13da92aeeb9a2d554236814",
    "https://deno.land/std@0.183.0/streams/early_zip_readable_streams.ts": "4005fa74162b943f79899e5d7cb96adcbc0a6b867f9144974ed12d30e0a556e1",
    "https://deno.land/std@0.183.0/streams/iterate_reader.ts": "bbec1d45c2df2c0c5920bad0549351446fdc8e0886d99e95959b259dbcdb6072",
    "https://deno.land/std@0.183.0/streams/limited_bytes_transform_stream.ts": "05dc592ffaab83257494d22dd53917e56243c26e5e3129b3f13ddbbbc4785048",
    "https://deno.land/std@0.183.0/streams/limited_transform_stream.ts": "d69ab790232c1b86f53621ad41ef03c235f2abb4b7a1cd51960ad6e12ee55e38",
    "https://deno.land/std@0.183.0/streams/merge_readable_streams.ts": "5d6302888f4bb0616dafb5768771be0aec9bedc05fbae6b3d726d05ffbec5b15",
    "https://deno.land/std@0.183.0/streams/mod.ts": "c07ec010e700b9ea887dc36ca08729828bc7912f711e4054e24d33fd46282252",
    "https://deno.land/std@0.183.0/streams/read_all.ts": "ee319772fb0fd28302f97343cc48dfcf948f154fd0d755d8efe65814b70533be",
    "https://deno.land/std@0.183.0/streams/readable_stream_from_iterable.ts": "cd4bb9e9bf6dbe84c213beb1f5085c326624421671473e410cfaecad15f01865",
    "https://deno.land/std@0.183.0/streams/readable_stream_from_reader.ts": "bfc416c4576a30aac6b9af22c9dc292c20c6742141ee7c55b5e85460beb0c54e",
    "https://deno.land/std@0.183.0/streams/reader_from_iterable.ts": "55f68110dce3f8f2c87b834d95f153bc904257fc65175f9f2abe78455cb8047c",
    "https://deno.land/std@0.183.0/streams/reader_from_stream_reader.ts": "fa4971e5615a010e49492c5d1688ca1a4d17472a41e98b498ab89a64ebd7ac73",
    "https://deno.land/std@0.183.0/streams/text_delimiter_stream.ts": "20e680ab8b751390e359288ce764f9c47d164af11a263870746eeca4bc7d976b",
    "https://deno.land/std@0.183.0/streams/text_line_stream.ts": "0f2c4b33a5fdb2476f2e060974cba1347cefe99a4af33c28a57524b1a34750fa",
    "https://deno.land/std@0.183.0/streams/to_transform_stream.ts": "7f55fc0b14cf3ed0f8d10d8f41d05bdc40726e44a65c37f58705d10a615f0159",
    "https://deno.land/std@0.183.0/streams/writable_stream_from_writer.ts": "56fff5c82fb736fdd669b567cc0b2bbbe0351002cd13254eae26c366e2bed89a",
    "https://deno.land/std@0.183.0/streams/write_all.ts": "aec90152978581ea62d56bb53a5cbf487e6a89c902f87c5969681ffbdf32b998",
    "https://deno.land/std@0.183.0/streams/writer_from_stream_writer.ts": "07c7ee025151a190f37fc42cbb01ff93afc949119ebddc6e0d0df14df1bf6950",
    "https://deno.land/std@0.183.0/streams/zip_readable_streams.ts": "a9d81aa451240f79230add674809dbee038d93aabe286e2d9671e66591fc86ca",
    "https://deno.land/x/oak@v12.3.0/deps.ts": "14d49d20d95e18b884bbe18d93b3cfa98b2be2bbc65ea24ec8fefbb2e6480b00",
    "https://deno.land/x/oak@v12.3.0/middleware.ts": "94620707a04d16c29e9aea0196ec905e08daae2fa6f84a43fb1b1ead1e1c4be6",
    "https://deno.land/x/oak@v12.3.0/router.ts": "36b67962681732713bc0fbce779cd3ede7417c018a10aab378901bc966ecfeb8",
    "https://deno.land/x/oak@v12.3.0/util.ts": "3af8c4ed04c6cc2bedbe66e562a77fc59c72df31c55a902a63885861ca1639d6",
    "https://deno.land/x/path_to_regexp@v6.2.1/index.ts": "894060567837bae8fc9c5cbd4d0a05e9024672083d5883b525c031eea940e556"
  },
  "workspace": {
    "dependencies": [
      "jsr:@felix/bcrypt@^1.0.5",
      "jsr:@oak/oak@^17.1.0",
      "npm:twig@*"
    ]
  }
}
